{
  "name": "metadata-analyzer",
  "version": "1.0.0",
  "lockfileVersion": 3,
  "requires": true,
  "packages": {
    "": {
      "name": "metadata-analyzer",
      "version": "1.0.0",
      "license": "MIT",
      "dependencies": {
        "antlr4": "^4.13.2"
      }
    },
    "node_modules/antlr4": {
      "version": "4.13.2",
      "resolved": "https://registry.npmjs.org/antlr4/-/antlr4-4.13.2.tgz",
      "integrity": "sha512-BULOfngYrDkgmm7Qsp+F0g6UoP2D/7UIN5KKK3tOjShk0rNw4z7bdtC7OAjZ3MNknCeJJb1J2X0Vz7cReDbQtw=="
    }
  },
  "dependencies": {
    "antlr4": {
      "version": "4.13.2",
      "resolved": "https://registry.npmjs.org/antlr4/-/antlr4-4.13.2.tgz",
      "integrity": "sha512-BULOfngYrDkgmm7Qsp+F0g6UoP2D/7UIN5KKK3tOjShk0rNw4z7bdtC7OAjZ3MNknCeJJb1J2X0Vz7cReDbQtw=="
    }
  }
} 
